
Microsoft Visual Studio Solution File, Format Version 12.00
# Visual Studio Version 17
VisualStudioVersion = 17.0.32112.339
MinimumVisualStudioVersion = 10.0.40219.1
Project("{FAE04EC0-301F-11D3-BF4B-00C04F79EFBC}") = "FactoryPatternExercise", "FactoryPatternExercise\FactoryPatternExercise.csproj", "{40F453DB-6B49-4031-84A5-B98AD570F331}"
EndProject
Global
	GlobalSection(SolutionConfigurationPlatforms) = preSolution
		Debug|Any CPU = Debug|Any CPU
		Release|Any CPU = Release|Any CPU
	EndGlobalSection
	GlobalSection(ProjectConfigurationPlatforms) = postSolution
		{40F453DB-6B49-4031-84A5-B98AD570F331}.Debug|Any CPU.ActiveCfg = Debug|Any CPU
		{40F453DB-6B49-4031-84A5-B98AD570F331}.Debug|Any CPU.Build.0 = Debug|Any CPU
		{40F453DB-6B49-4031-84A5-B98AD570F331}.Release|Any CPU.ActiveCfg = Release|Any CPU
		{40F453DB-6B49-4031-84A5-B98AD570F331}.Release|Any CPU.Build.0 = Release|Any CPU
	EndGlobalSection
	GlobalSection(SolutionProperties) = preSolution
		HideSolutionNode = FALSE
	EndGlobalSection
	GlobalSection(ExtensibilityGlobals) = postSolution
		SolutionGuid = {DB785B9A-65A9-49BB-AD12-BE0867A3F8CF}
	EndGlobalSection
EndGlobal
